
Microsoft Visual Studio Solution File, Format Version 12.00
# Visual Studio 2013
VisualStudioVersion = 12.0.31101.0
MinimumVisualStudioVersion = 10.0.40219.1
Project("{2150E333-8FDC-42A3-9474-1A3956D46DE8}") = "1.类库", "1.类库", "{37798341-9945-4F3A-8BE6-F24AAEBFF9FE}"
EndProject
Project("{2150E333-8FDC-42A3-9474-1A3956D46DE8}") = "2.后台", "2.后台", "{6759250E-6FE3-42EE-B3A3-5957C439B3F5}"
EndProject
Project("{2150E333-8FDC-42A3-9474-1A3956D46DE8}") = "3.接口", "3.接口", "{C893BEBB-5224-433F-8304-67A9FD3BB160}"
EndProject
Project("{2150E333-8FDC-42A3-9474-1A3956D46DE8}") = "4.服务", "4.服务", "{FBFF0836-0E63-41C9-B6A4-70DEDC9FDC14}"
EndProject
Project("{FAE04EC0-301F-11D3-BF4B-00C04F79EFBC}") = "Beyond.Core.Common", "Beyond.Core.Common\Beyond.Core.Common.csproj", "{E3D131F5-AFE3-47B2-9A6F-0B0A696E9781}"
EndProject
Project("{FAE04EC0-301F-11D3-BF4B-00C04F79EFBC}") = "Beyond.Core.Admin.BLL", "Beyond.Core.Admin.BLL\Beyond.Core.Admin.BLL.csproj", "{E0204AB1-5009-48C1-B6CF-56EC49BDD3BB}"
EndProject
Project("{FAE04EC0-301F-11D3-BF4B-00C04F79EFBC}") = "Beyond.Core.Admin.DAL", "Beyond.Core.Admin.DAL\Beyond.Core.Admin.DAL.csproj", "{6E600FDC-4B32-4066-9E8F-E6BE227A86E1}"
EndProject
Project("{FAE04EC0-301F-11D3-BF4B-00C04F79EFBC}") = "Beyond.Core.SoapApi", "Beyond.Core.SoapApi\Beyond.Core.SoapApi.csproj", "{F6A13742-6351-483B-9F44-2A3ADBC3F646}"
EndProject
Project("{FAE04EC0-301F-11D3-BF4B-00C04F79EFBC}") = "Beyond.Core.SoapApi.BLL", "Beyond.Core.SoapApi.BLL\Beyond.Core.SoapApi.BLL.csproj", "{95197221-6DC9-465D-BD7C-5569771F6FD9}"
EndProject
Project("{FAE04EC0-301F-11D3-BF4B-00C04F79EFBC}") = "Beyond.Core.SoapApi.DAL", "Beyond.Core.SoapApi.DAL\Beyond.Core.SoapApi.DAL.csproj", "{47ECF525-7A9E-47C0-943C-91FD12AD554C}"
EndProject
Project("{FAE04EC0-301F-11D3-BF4B-00C04F79EFBC}") = "Beyond.Core.Admin.Model", "Beyond.Core.Admin.Model\Beyond.Core.Admin.Model.csproj", "{AC1F402F-8303-477C-9949-9CD7D65EBC0C}"
EndProject
Project("{FAE04EC0-301F-11D3-BF4B-00C04F79EFBC}") = "Beyond.Core.SoapApi.Model", "Beyond.Core.SoapApi.Model\Beyond.Core.SoapApi.Model.csproj", "{87D118CF-D080-411A-8ED6-8E3A5CA0168D}"
EndProject
Project("{FAE04EC0-301F-11D3-BF4B-00C04F79EFBC}") = "Beyond.Core.Service", "Beyond.Core.Service\Beyond.Core.Service.csproj", "{4DB17276-FD65-4B68-99B3-05B2C58B9AD5}"
EndProject
Project("{FAE04EC0-301F-11D3-BF4B-00C04F79EFBC}") = "Beyond.Core.Cache", "Beyond.Core.Cache\Beyond.Core.Cache.csproj", "{20B5A6C4-9E81-48FA-A319-43B680BE9B05}"
EndProject
Project("{FAE04EC0-301F-11D3-BF4B-00C04F79EFBC}") = "Beyond.Core.Admin", "Beyond.Core.Admin\Beyond.Core.Admin.csproj", "{CFFAFFB7-6021-4909-8A18-D3DBC04AF023}"
EndProject
Global
	GlobalSection(SolutionConfigurationPlatforms) = preSolution
		Debug|Any CPU = Debug|Any CPU
		Release|Any CPU = Release|Any CPU
	EndGlobalSection
	GlobalSection(ProjectConfigurationPlatforms) = postSolution
		{E3D131F5-AFE3-47B2-9A6F-0B0A696E9781}.Debug|Any CPU.ActiveCfg = Debug|Any CPU
		{E3D131F5-AFE3-47B2-9A6F-0B0A696E9781}.Debug|Any CPU.Build.0 = Debug|Any CPU
		{E3D131F5-AFE3-47B2-9A6F-0B0A696E9781}.Release|Any CPU.ActiveCfg = Release|Any CPU
		{E3D131F5-AFE3-47B2-9A6F-0B0A696E9781}.Release|Any CPU.Build.0 = Release|Any CPU
		{E0204AB1-5009-48C1-B6CF-56EC49BDD3BB}.Debug|Any CPU.ActiveCfg = Debug|Any CPU
		{E0204AB1-5009-48C1-B6CF-56EC49BDD3BB}.Debug|Any CPU.Build.0 = Debug|Any CPU
		{E0204AB1-5009-48C1-B6CF-56EC49BDD3BB}.Release|Any CPU.ActiveCfg = Release|Any CPU
		{E0204AB1-5009-48C1-B6CF-56EC49BDD3BB}.Release|Any CPU.Build.0 = Release|Any CPU
		{6E600FDC-4B32-4066-9E8F-E6BE227A86E1}.Debug|Any CPU.ActiveCfg = Debug|Any CPU
		{6E600FDC-4B32-4066-9E8F-E6BE227A86E1}.Debug|Any CPU.Build.0 = Debug|Any CPU
		{6E600FDC-4B32-4066-9E8F-E6BE227A86E1}.Release|Any CPU.ActiveCfg = Release|Any CPU
		{6E600FDC-4B32-4066-9E8F-E6BE227A86E1}.Release|Any CPU.Build.0 = Release|Any CPU
		{F6A13742-6351-483B-9F44-2A3ADBC3F646}.Debug|Any CPU.ActiveCfg = Debug|Any CPU
		{F6A13742-6351-483B-9F44-2A3ADBC3F646}.Debug|Any CPU.Build.0 = Debug|Any CPU
		{F6A13742-6351-483B-9F44-2A3ADBC3F646}.Release|Any CPU.ActiveCfg = Release|Any CPU
		{F6A13742-6351-483B-9F44-2A3ADBC3F646}.Release|Any CPU.Build.0 = Release|Any CPU
		{95197221-6DC9-465D-BD7C-5569771F6FD9}.Debug|Any CPU.ActiveCfg = Debug|Any CPU
		{95197221-6DC9-465D-BD7C-5569771F6FD9}.Debug|Any CPU.Build.0 = Debug|Any CPU
		{95197221-6DC9-465D-BD7C-5569771F6FD9}.Release|Any CPU.ActiveCfg = Release|Any CPU
		{95197221-6DC9-465D-BD7C-5569771F6FD9}.Release|Any CPU.Build.0 = Release|Any CPU
		{47ECF525-7A9E-47C0-943C-91FD12AD554C}.Debug|Any CPU.ActiveCfg = Debug|Any CPU
		{47ECF525-7A9E-47C0-943C-91FD12AD554C}.Debug|Any CPU.Build.0 = Debug|Any CPU
		{47ECF525-7A9E-47C0-943C-91FD12AD554C}.Release|Any CPU.ActiveCfg = Release|Any CPU
		{47ECF525-7A9E-47C0-943C-91FD12AD554C}.Release|Any CPU.Build.0 = Release|Any CPU
		{AC1F402F-8303-477C-9949-9CD7D65EBC0C}.Debug|Any CPU.ActiveCfg = Debug|Any CPU
		{AC1F402F-8303-477C-9949-9CD7D65EBC0C}.Debug|Any CPU.Build.0 = Debug|Any CPU
		{AC1F402F-8303-477C-9949-9CD7D65EBC0C}.Release|Any CPU.ActiveCfg = Release|Any CPU
		{AC1F402F-8303-477C-9949-9CD7D65EBC0C}.Release|Any CPU.Build.0 = Release|Any CPU
		{87D118CF-D080-411A-8ED6-8E3A5CA0168D}.Debug|Any CPU.ActiveCfg = Debug|Any CPU
		{87D118CF-D080-411A-8ED6-8E3A5CA0168D}.Debug|Any CPU.Build.0 = Debug|Any CPU
		{87D118CF-D080-411A-8ED6-8E3A5CA0168D}.Release|Any CPU.ActiveCfg = Release|Any CPU
		{87D118CF-D080-411A-8ED6-8E3A5CA0168D}.Release|Any CPU.Build.0 = Release|Any CPU
		{4DB17276-FD65-4B68-99B3-05B2C58B9AD5}.Debug|Any CPU.ActiveCfg = Debug|Any CPU
		{4DB17276-FD65-4B68-99B3-05B2C58B9AD5}.Debug|Any CPU.Build.0 = Debug|Any CPU
		{4DB17276-FD65-4B68-99B3-05B2C58B9AD5}.Release|Any CPU.ActiveCfg = Release|Any CPU
		{4DB17276-FD65-4B68-99B3-05B2C58B9AD5}.Release|Any CPU.Build.0 = Release|Any CPU
		{20B5A6C4-9E81-48FA-A319-43B680BE9B05}.Debug|Any CPU.ActiveCfg = Debug|Any CPU
		{20B5A6C4-9E81-48FA-A319-43B680BE9B05}.Debug|Any CPU.Build.0 = Debug|Any CPU
		{20B5A6C4-9E81-48FA-A319-43B680BE9B05}.Release|Any CPU.ActiveCfg = Release|Any CPU
		{20B5A6C4-9E81-48FA-A319-43B680BE9B05}.Release|Any CPU.Build.0 = Release|Any CPU
		{CFFAFFB7-6021-4909-8A18-D3DBC04AF023}.Debug|Any CPU.ActiveCfg = Debug|Any CPU
		{CFFAFFB7-6021-4909-8A18-D3DBC04AF023}.Debug|Any CPU.Build.0 = Debug|Any CPU
		{CFFAFFB7-6021-4909-8A18-D3DBC04AF023}.Release|Any CPU.ActiveCfg = Release|Any CPU
		{CFFAFFB7-6021-4909-8A18-D3DBC04AF023}.Release|Any CPU.Build.0 = Release|Any CPU
	EndGlobalSection
	GlobalSection(SolutionProperties) = preSolution
		HideSolutionNode = FALSE
	EndGlobalSection
	GlobalSection(NestedProjects) = preSolution
		{E3D131F5-AFE3-47B2-9A6F-0B0A696E9781} = {37798341-9945-4F3A-8BE6-F24AAEBFF9FE}
		{E0204AB1-5009-48C1-B6CF-56EC49BDD3BB} = {6759250E-6FE3-42EE-B3A3-5957C439B3F5}
		{6E600FDC-4B32-4066-9E8F-E6BE227A86E1} = {6759250E-6FE3-42EE-B3A3-5957C439B3F5}
		{F6A13742-6351-483B-9F44-2A3ADBC3F646} = {C893BEBB-5224-433F-8304-67A9FD3BB160}
		{95197221-6DC9-465D-BD7C-5569771F6FD9} = {C893BEBB-5224-433F-8304-67A9FD3BB160}
		{47ECF525-7A9E-47C0-943C-91FD12AD554C} = {C893BEBB-5224-433F-8304-67A9FD3BB160}
		{AC1F402F-8303-477C-9949-9CD7D65EBC0C} = {6759250E-6FE3-42EE-B3A3-5957C439B3F5}
		{87D118CF-D080-411A-8ED6-8E3A5CA0168D} = {C893BEBB-5224-433F-8304-67A9FD3BB160}
		{4DB17276-FD65-4B68-99B3-05B2C58B9AD5} = {FBFF0836-0E63-41C9-B6A4-70DEDC9FDC14}
		{20B5A6C4-9E81-48FA-A319-43B680BE9B05} = {37798341-9945-4F3A-8BE6-F24AAEBFF9FE}
		{CFFAFFB7-6021-4909-8A18-D3DBC04AF023} = {6759250E-6FE3-42EE-B3A3-5957C439B3F5}
	EndGlobalSection
EndGlobal
